<?xml version="1.0" encoding="UTF-8"?>
<!DOCTYPE plist PUBLIC "-//Apple//DTD PLIST 1.0//EN" "http://www.apple.com/DTDs/PropertyList-1.0.dtd">
<plist version="1.0">
<dict>
	<key>archiveVersion</key>
	<string>1</string>
	<key>classes</key>
	<dict/>
	<key>objectVersion</key>
	<string>46</string>
	<key>objects</key>
	<dict>
		<key>1219DC0D18B2484A005D6F9C</key>
		<dict>
			<key>isa</key>
			<string>PBXFileReference</string>
			<key>lastKnownFileType</key>
			<string>image.png</string>
			<key>path</key>
			<string>radio_screen.png</string>
			<key>sourceTree</key>
			<string>&lt;group&gt;</string>
		</dict>
		<key>1219DC0F18B2484A005D6F9C</key>
		<dict>
			<key>fileRef</key>
			<string>1219DC0D18B2484A005D6F9C</string>
			<key>isa</key>
			<string>PBXBuildFile</string>
		</dict>
		<key>1219DC1018B24ADE005D6F9C</key>
		<dict>
			<key>isa</key>
			<string>PBXFileReference</string>
			<key>lastKnownFileType</key>
			<string>image.png</string>
			<key>path</key>
			<string>radio_start.png</string>
			<key>sourceTree</key>
			<string>&lt;group&gt;</string>
		</dict>
		<key>1219DC1118B24ADE005D6F9C</key>
		<dict>
			<key>isa</key>
			<string>PBXFileReference</string>
			<key>lastKnownFileType</key>
			<string>image.png</string>
			<key>path</key>
			<string>radio_stop.png</string>
			<key>sourceTree</key>
			<string>&lt;group&gt;</string>
		</dict>
		<key>1219DC1218B24ADE005D6F9C</key>
		<dict>
			<key>fileRef</key>
			<string>1219DC1018B24ADE005D6F9C</string>
			<key>isa</key>
			<string>PBXBuildFile</string>
		</dict>
		<key>1219DC1318B24ADE005D6F9C</key>
		<dict>
			<key>fileRef</key>
			<string>1219DC1118B24ADE005D6F9C</string>
			<key>isa</key>
			<string>PBXBuildFile</string>
		</dict>
		<key>1219DC1418B24BFE005D6F9C</key>
		<dict>
			<key>isa</key>
			<string>PBXFileReference</string>
			<key>lastKnownFileType</key>
			<string>image.png</string>
			<key>path</key>
			<string>background.png</string>
			<key>sourceTree</key>
			<string>&lt;group&gt;</string>
		</dict>
		<key>1219DC1518B24BFE005D6F9C</key>
		<dict>
			<key>fileRef</key>
			<string>1219DC1418B24BFE005D6F9C</string>
			<key>isa</key>
			<string>PBXBuildFile</string>
		</dict>
		<key>126FE06A18B1C5010017AD06</key>
		<dict>
			<key>isa</key>
			<string>PBXFileReference</string>
			<key>lastKnownFileType</key>
			<string>wrapper.framework</string>
			<key>name</key>
			<string>AVFoundation.framework</string>
			<key>path</key>
			<string>System/Library/Frameworks/AVFoundation.framework</string>
			<key>sourceTree</key>
			<string>SDKROOT</string>
		</dict>
		<key>126FE06B18B1C5010017AD06</key>
		<dict>
			<key>fileRef</key>
			<string>126FE06A18B1C5010017AD06</string>
			<key>isa</key>
			<string>PBXBuildFile</string>
		</dict>
		<key>126FE06C18B1C5080017AD06</key>
		<dict>
			<key>isa</key>
			<string>PBXFileReference</string>
			<key>lastKnownFileType</key>
			<string>wrapper.framework</string>
			<key>name</key>
			<string>CoreData.framework</string>
			<key>path</key>
			<string>System/Library/Frameworks/CoreData.framework</string>
			<key>sourceTree</key>
			<string>SDKROOT</string>
		</dict>
		<key>126FE06D18B1C5080017AD06</key>
		<dict>
			<key>fileRef</key>
			<string>126FE06C18B1C5080017AD06</string>
			<key>isa</key>
			<string>PBXBuildFile</string>
		</dict>
		<key>126FE06E18B1C5430017AD06</key>
		<dict>
			<key>isa</key>
			<string>PBXFileReference</string>
			<key>lastKnownFileType</key>
			<string>wrapper.framework</string>
			<key>name</key>
			<string>CoreLocation.framework</string>
			<key>path</key>
			<string>System/Library/Frameworks/CoreLocation.framework</string>
			<key>sourceTree</key>
			<string>SDKROOT</string>
		</dict>
		<key>126FE06F18B1C5430017AD06</key>
		<dict>
			<key>isa</key>
			<string>PBXFileReference</string>
			<key>lastKnownFileType</key>
			<string>wrapper.framework</string>
			<key>name</key>
			<string>CoreText.framework</string>
			<key>path</key>
			<string>System/Library/Frameworks/CoreText.framework</string>
			<key>sourceTree</key>
			<string>SDKROOT</string>
		</dict>
		<key>126FE07018B1C5430017AD06</key>
		<dict>
			<key>isa</key>
			<string>PBXFileReference</string>
			<key>lastKnownFileType</key>
			<string>wrapper.framework</string>
			<key>name</key>
			<string>GLKit.framework</string>
			<key>path</key>
			<string>System/Library/Frameworks/GLKit.framework</string>
			<key>sourceTree</key>
			<string>SDKROOT</string>
		</dict>
		<key>126FE07118B1C5430017AD06</key>
		<dict>
			<key>isa</key>
			<string>PBXFileReference</string>
			<key>lastKnownFileType</key>
			<string>wrapper.framework</string>
			<key>name</key>
			<string>ImageIO.framework</string>
			<key>path</key>
			<string>System/Library/Frameworks/ImageIO.framework</string>
			<key>sourceTree</key>
			<string>SDKROOT</string>
		</dict>
		<key>126FE07218B1C5430017AD06</key>
		<dict>
			<key>isa</key>
			<string>PBXFileReference</string>
			<key>lastKnownFileType</key>
			<string>compiled.mach-o.dylib</string>
			<key>name</key>
			<string>libc++.dylib</string>
			<key>path</key>
			<string>usr/lib/libc++.dylib</string>
			<key>sourceTree</key>
			<string>SDKROOT</string>
		</dict>
		<key>126FE07318B1C5430017AD06</key>
		<dict>
			<key>fileRef</key>
			<string>126FE06E18B1C5430017AD06</string>
			<key>isa</key>
			<string>PBXBuildFile</string>
		</dict>
		<key>126FE07418B1C5430017AD06</key>
		<dict>
			<key>fileRef</key>
			<string>126FE06F18B1C5430017AD06</string>
			<key>isa</key>
			<string>PBXBuildFile</string>
		</dict>
		<key>126FE07518B1C5430017AD06</key>
		<dict>
			<key>fileRef</key>
			<string>126FE07018B1C5430017AD06</string>
			<key>isa</key>
			<string>PBXBuildFile</string>
		</dict>
		<key>126FE07618B1C5430017AD06</key>
		<dict>
			<key>fileRef</key>
			<string>126FE07118B1C5430017AD06</string>
			<key>isa</key>
			<string>PBXBuildFile</string>
		</dict>
		<key>126FE07718B1C5430017AD06</key>
		<dict>
			<key>fileRef</key>
			<string>126FE07218B1C5430017AD06</string>
			<key>isa</key>
			<string>PBXBuildFile</string>
		</dict>
		<key>126FE07818B1C5830017AD06</key>
		<dict>
			<key>isa</key>
			<string>PBXFileReference</string>
			<key>lastKnownFileType</key>
			<string>compiled.mach-o.dylib</string>
			<key>name</key>
			<string>libicucore.dylib</string>
			<key>path</key>
			<string>usr/lib/libicucore.dylib</string>
			<key>sourceTree</key>
			<string>SDKROOT</string>
		</dict>
		<key>126FE07918B1C5830017AD06</key>
		<dict>
			<key>isa</key>
			<string>PBXFileReference</string>
			<key>lastKnownFileType</key>
			<string>compiled.mach-o.dylib</string>
			<key>name</key>
			<string>libz.dylib</string>
			<key>path</key>
			<string>usr/lib/libz.dylib</string>
			<key>sourceTree</key>
			<string>SDKROOT</string>
		</dict>
		<key>126FE07A18B1C5830017AD06</key>
		<dict>
			<key>isa</key>
			<string>PBXFileReference</string>
			<key>lastKnownFileType</key>
			<string>wrapper.framework</string>
			<key>name</key>
			<string>OpenGLES.framework</string>
			<key>path</key>
			<string>System/Library/Frameworks/OpenGLES.framework</string>
			<key>sourceTree</key>
			<string>SDKROOT</string>
		</dict>
		<key>126FE07B18B1C5830017AD06</key>
		<dict>
			<key>isa</key>
			<string>PBXFileReference</string>
			<key>lastKnownFileType</key>
			<string>wrapper.framework</string>
			<key>name</key>
			<string>QuartzCore.framework</string>
			<key>path</key>
			<string>System/Library/Frameworks/QuartzCore.framework</string>
			<key>sourceTree</key>
			<string>SDKROOT</string>
		</dict>
		<key>126FE07C18B1C5830017AD06</key>
		<dict>
			<key>isa</key>
			<string>PBXFileReference</string>
			<key>lastKnownFileType</key>
			<string>wrapper.framework</string>
			<key>name</key>
			<string>SystemConfiguration.framework</string>
			<key>path</key>
			<string>System/Library/Frameworks/SystemConfiguration.framework</string>
			<key>sourceTree</key>
			<string>SDKROOT</string>
		</dict>
		<key>126FE07D18B1C5830017AD06</key>
		<dict>
			<key>fileRef</key>
			<string>126FE07818B1C5830017AD06</string>
			<key>isa</key>
			<string>PBXBuildFile</string>
		</dict>
		<key>126FE07E18B1C5830017AD06</key>
		<dict>
			<key>fileRef</key>
			<string>126FE07918B1C5830017AD06</string>
			<key>isa</key>
			<string>PBXBuildFile</string>
		</dict>
		<key>126FE07F18B1C5830017AD06</key>
		<dict>
			<key>fileRef</key>
			<string>126FE07A18B1C5830017AD06</string>
			<key>isa</key>
			<string>PBXBuildFile</string>
		</dict>
		<key>126FE08018B1C5830017AD06</key>
		<dict>
			<key>fileRef</key>
			<string>126FE07B18B1C5830017AD06</string>
			<key>isa</key>
			<string>PBXBuildFile</string>
		</dict>
		<key>126FE08118B1C5830017AD06</key>
		<dict>
			<key>fileRef</key>
			<string>126FE07C18B1C5830017AD06</string>
			<key>isa</key>
			<string>PBXBuildFile</string>
		</dict>
		<key>12807A7218B10F13007DE648</key>
		<dict>
			<key>children</key>
			<array>
				<string>12807A8418B10F13007DE648</string>
				<string>12807AA618B10F14007DE648</string>
				<string>12807A7D18B10F13007DE648</string>
				<string>12807A7C18B10F13007DE648</string>
				<string>61F0EF1E8DB545A687C70DE1</string>
			</array>
			<key>isa</key>
			<string>PBXGroup</string>
			<key>sourceTree</key>
			<string>&lt;group&gt;</string>
		</dict>
		<key>12807A7318B10F13007DE648</key>
		<dict>
			<key>attributes</key>
			<dict>
				<key>LastUpgradeCheck</key>
				<string>0500</string>
				<key>ORGANIZATIONNAME</key>
				<string>hcmus.trafficupdater</string>
				<key>TargetAttributes</key>
				<dict>
					<key>12807A9E18B10F14007DE648</key>
					<dict>
						<key>TestTargetID</key>
						<string>12807A7A18B10F13007DE648</string>
					</dict>
				</dict>
			</dict>
			<key>buildConfigurationList</key>
			<string>12807A7618B10F13007DE648</string>
			<key>compatibilityVersion</key>
			<string>Xcode 3.2</string>
			<key>developmentRegion</key>
			<string>English</string>
			<key>hasScannedForEncodings</key>
			<string>0</string>
			<key>isa</key>
			<string>PBXProject</string>
			<key>knownRegions</key>
			<array>
				<string>en</string>
				<string>Base</string>
			</array>
			<key>mainGroup</key>
			<string>12807A7218B10F13007DE648</string>
			<key>productRefGroup</key>
			<string>12807A7C18B10F13007DE648</string>
			<key>projectDirPath</key>
			<string></string>
			<key>projectReferences</key>
			<array/>
			<key>projectRoot</key>
			<string></string>
			<key>targets</key>
			<array>
				<string>12807A7A18B10F13007DE648</string>
				<string>12807A9E18B10F14007DE648</string>
			</array>
		</dict>
		<key>12807A7618B10F13007DE648</key>
		<dict>
			<key>buildConfigurations</key>
			<array>
				<string>12807AAE18B10F14007DE648</string>
				<string>12807AAF18B10F14007DE648</string>
			</array>
			<key>defaultConfigurationIsVisible</key>
			<string>0</string>
			<key>defaultConfigurationName</key>
			<string>Release</string>
			<key>isa</key>
			<string>XCConfigurationList</string>
		</dict>
		<key>12807A7718B10F13007DE648</key>
		<dict>
			<key>buildActionMask</key>
			<string>2147483647</string>
			<key>files</key>
			<array>
				<string>12807A9818B10F13007DE648</string>
				<string>12807A8F18B10F13007DE648</string>
				<string>12807A8B18B10F13007DE648</string>
				<string>12F84FD618B121B100922CE2</string>
			</array>
			<key>isa</key>
			<string>PBXSourcesBuildPhase</string>
			<key>runOnlyForDeploymentPostprocessing</key>
			<string>0</string>
		</dict>
		<key>12807A7818B10F13007DE648</key>
		<dict>
			<key>buildActionMask</key>
			<string>2147483647</string>
			<key>files</key>
			<array>
				<string>126FE07D18B1C5830017AD06</string>
				<string>126FE07E18B1C5830017AD06</string>
				<string>126FE07F18B1C5830017AD06</string>
				<string>126FE08018B1C5830017AD06</string>
				<string>126FE08118B1C5830017AD06</string>
				<string>126FE07318B1C5430017AD06</string>
				<string>126FE07418B1C5430017AD06</string>
				<string>126FE07518B1C5430017AD06</string>
				<string>126FE07618B1C5430017AD06</string>
				<string>126FE07718B1C5430017AD06</string>
				<string>126FE06D18B1C5080017AD06</string>
				<string>126FE06B18B1C5010017AD06</string>
				<string>12807A8118B10F13007DE648</string>
				<string>12807A8318B10F13007DE648</string>
				<string>66F315D018B6165100810B31</string>
				<string>12807A7F18B10F13007DE648</string>
				<string>7B6880B817D64FAF8E98E44C</string>
			</array>
			<key>isa</key>
			<string>PBXFrameworksBuildPhase</string>
			<key>runOnlyForDeploymentPostprocessing</key>
			<string>0</string>
		</dict>
		<key>12807A7918B10F13007DE648</key>
		<dict>
			<key>buildActionMask</key>
			<string>2147483647</string>
			<key>files</key>
			<array>
				<string>12F2811A18B219D900E7AFED</string>
				<string>12807A9518B10F13007DE648</string>
				<string>12F84FCF18B1189500922CE2</string>
				<string>12807A9A18B10F13007DE648</string>
				<string>12F2811E18B21EDC00E7AFED</string>
				<string>1219DC1218B24ADE005D6F9C</string>
				<string>12F2811C18B21ED100E7AFED</string>
				<string>1219DC1318B24ADE005D6F9C</string>
				<string>12807A9218B10F13007DE648</string>
				<string>1219DC1518B24BFE005D6F9C</string>
				<string>12F84FD318B11A0A00922CE2</string>
				<string>12807A8918B10F13007DE648</string>
				<string>1219DC0F18B2484A005D6F9C</string>
				<string>66F315D218B6166000810B31</string>
			</array>
			<key>isa</key>
			<string>PBXResourcesBuildPhase</string>
			<key>runOnlyForDeploymentPostprocessing</key>
			<string>0</string>
		</dict>
		<key>12807A7A18B10F13007DE648</key>
		<dict>
			<key>buildConfigurationList</key>
			<string>12807AB018B10F14007DE648</string>
			<key>buildPhases</key>
			<array>
				<string>34211D89CC8B43E090058914</string>
				<string>12807A7718B10F13007DE648</string>
				<string>12807A7818B10F13007DE648</string>
				<string>12807A7918B10F13007DE648</string>
				<string>E0E02A071C534624974B9CA7</string>
			</array>
			<key>buildRules</key>
			<array/>
			<key>dependencies</key>
			<array/>
			<key>isa</key>
			<string>PBXNativeTarget</string>
			<key>name</key>
			<string>TrafficUpdater</string>
			<key>productName</key>
			<string>TrafficUpdater</string>
			<key>productReference</key>
			<string>12807A7B18B10F13007DE648</string>
			<key>productType</key>
			<string>com.apple.product-type.application</string>
		</dict>
		<key>12807A7B18B10F13007DE648</key>
		<dict>
			<key>explicitFileType</key>
			<string>wrapper.application</string>
			<key>includeInIndex</key>
			<string>0</string>
			<key>isa</key>
			<string>PBXFileReference</string>
			<key>path</key>
			<string>TrafficUpdater.app</string>
			<key>sourceTree</key>
			<string>BUILT_PRODUCTS_DIR</string>
		</dict>
		<key>12807A7C18B10F13007DE648</key>
		<dict>
			<key>children</key>
			<array>
				<string>12807A7B18B10F13007DE648</string>
				<string>12807A9F18B10F14007DE648</string>
			</array>
			<key>isa</key>
			<string>PBXGroup</string>
			<key>name</key>
			<string>Products</string>
			<key>sourceTree</key>
			<string>&lt;group&gt;</string>
		</dict>
		<key>12807A7D18B10F13007DE648</key>
		<dict>
			<key>children</key>
			<array>
				<string>66F315D118B6166000810B31</string>
				<string>66F315CF18B6165100810B31</string>
				<string>126FE07818B1C5830017AD06</string>
				<string>126FE07918B1C5830017AD06</string>
				<string>126FE07A18B1C5830017AD06</string>
				<string>126FE07B18B1C5830017AD06</string>
				<string>126FE07C18B1C5830017AD06</string>
				<string>126FE06E18B1C5430017AD06</string>
				<string>126FE06F18B1C5430017AD06</string>
				<string>126FE07018B1C5430017AD06</string>
				<string>126FE07118B1C5430017AD06</string>
				<string>126FE07218B1C5430017AD06</string>
				<string>126FE06C18B1C5080017AD06</string>
				<string>126FE06A18B1C5010017AD06</string>
				<string>12807A7E18B10F13007DE648</string>
				<string>12807A8018B10F13007DE648</string>
				<string>12807A8218B10F13007DE648</string>
				<string>12807AA018B10F14007DE648</string>
				<string>67603A1D0E784FE980161104</string>
			</array>
			<key>isa</key>
			<string>PBXGroup</string>
			<key>name</key>
			<string>Frameworks</string>
			<key>sourceTree</key>
			<string>&lt;group&gt;</string>
		</dict>
		<key>12807A7E18B10F13007DE648</key>
		<dict>
			<key>isa</key>
			<string>PBXFileReference</string>
			<key>lastKnownFileType</key>
			<string>wrapper.framework</string>
			<key>name</key>
			<string>Foundation.framework</string>
			<key>path</key>
			<string>System/Library/Frameworks/Foundation.framework</string>
			<key>sourceTree</key>
			<string>SDKROOT</string>
		</dict>
		<key>12807A7F18B10F13007DE648</key>
		<dict>
			<key>fileRef</key>
			<string>12807A7E18B10F13007DE648</string>
			<key>isa</key>
			<string>PBXBuildFile</string>
		</dict>
		<key>12807A8018B10F13007DE648</key>
		<dict>
			<key>isa</key>
			<string>PBXFileReference</string>
			<key>lastKnownFileType</key>
			<string>wrapper.framework</string>
			<key>name</key>
			<string>CoreGraphics.framework</string>
			<key>path</key>
			<string>System/Library/Frameworks/CoreGraphics.framework</string>
			<key>sourceTree</key>
			<string>SDKROOT</string>
		</dict>
		<key>12807A8118B10F13007DE648</key>
		<dict>
			<key>fileRef</key>
			<string>12807A8018B10F13007DE648</string>
			<key>isa</key>
			<string>PBXBuildFile</string>
		</dict>
		<key>12807A8218B10F13007DE648</key>
		<dict>
			<key>isa</key>
			<string>PBXFileReference</string>
			<key>lastKnownFileType</key>
			<string>wrapper.framework</string>
			<key>name</key>
			<string>UIKit.framework</string>
			<key>path</key>
			<string>System/Library/Frameworks/UIKit.framework</string>
			<key>sourceTree</key>
			<string>SDKROOT</string>
		</dict>
		<key>12807A8318B10F13007DE648</key>
		<dict>
			<key>fileRef</key>
			<string>12807A8218B10F13007DE648</string>
			<key>isa</key>
			<string>PBXBuildFile</string>
		</dict>
		<key>12807A8418B10F13007DE648</key>
		<dict>
			<key>children</key>
			<array>
				<string>12F84FCB18B1184C00922CE2</string>
				<string>12F84FD418B121B100922CE2</string>
				<string>12F84FD518B121B100922CE2</string>
				<string>12807A8D18B10F13007DE648</string>
				<string>12807A8E18B10F13007DE648</string>
				<string>12807A9018B10F13007DE648</string>
				<string>12807A9318B10F13007DE648</string>
				<string>12807A9618B10F13007DE648</string>
				<string>12807A9718B10F13007DE648</string>
				<string>12807A9918B10F13007DE648</string>
				<string>12807A8518B10F13007DE648</string>
			</array>
			<key>isa</key>
			<string>PBXGroup</string>
			<key>path</key>
			<string>TrafficUpdater</string>
			<key>sourceTree</key>
			<string>&lt;group&gt;</string>
		</dict>
		<key>12807A8518B10F13007DE648</key>
		<dict>
			<key>children</key>
			<array>
				<string>12807A8618B10F13007DE648</string>
				<string>12807A8718B10F13007DE648</string>
				<string>12807A8A18B10F13007DE648</string>
				<string>12807A8C18B10F13007DE648</string>
			</array>
			<key>isa</key>
			<string>PBXGroup</string>
			<key>name</key>
			<string>Supporting Files</string>
			<key>sourceTree</key>
			<string>&lt;group&gt;</string>
		</dict>
		<key>12807A8618B10F13007DE648</key>
		<dict>
			<key>isa</key>
			<string>PBXFileReference</string>
			<key>lastKnownFileType</key>
			<string>text.plist.xml</string>
			<key>path</key>
			<string>TrafficUpdater-Info.plist</string>
			<key>sourceTree</key>
			<string>&lt;group&gt;</string>
		</dict>
		<key>12807A8718B10F13007DE648</key>
		<dict>
			<key>children</key>
			<array>
				<string>12807A8818B10F13007DE648</string>
			</array>
			<key>isa</key>
			<string>PBXVariantGroup</string>
			<key>name</key>
			<string>InfoPlist.strings</string>
			<key>sourceTree</key>
			<string>&lt;group&gt;</string>
		</dict>
		<key>12807A8818B10F13007DE648</key>
		<dict>
			<key>isa</key>
			<string>PBXFileReference</string>
			<key>lastKnownFileType</key>
			<string>text.plist.strings</string>
			<key>name</key>
			<string>en</string>
			<key>path</key>
			<string>en.lproj/InfoPlist.strings</string>
			<key>sourceTree</key>
			<string>&lt;group&gt;</string>
		</dict>
		<key>12807A8918B10F13007DE648</key>
		<dict>
			<key>fileRef</key>
			<string>12807A8718B10F13007DE648</string>
			<key>isa</key>
			<string>PBXBuildFile</string>
		</dict>
		<key>12807A8A18B10F13007DE648</key>
		<dict>
			<key>isa</key>
			<string>PBXFileReference</string>
			<key>lastKnownFileType</key>
			<string>sourcecode.c.objc</string>
			<key>path</key>
			<string>main.m</string>
			<key>sourceTree</key>
			<string>&lt;group&gt;</string>
		</dict>
		<key>12807A8B18B10F13007DE648</key>
		<dict>
			<key>fileRef</key>
			<string>12807A8A18B10F13007DE648</string>
			<key>isa</key>
			<string>PBXBuildFile</string>
		</dict>
		<key>12807A8C18B10F13007DE648</key>
		<dict>
			<key>isa</key>
			<string>PBXFileReference</string>
			<key>lastKnownFileType</key>
			<string>sourcecode.c.h</string>
			<key>path</key>
			<string>TrafficUpdater-Prefix.pch</string>
			<key>sourceTree</key>
			<string>&lt;group&gt;</string>
		</dict>
		<key>12807A8D18B10F13007DE648</key>
		<dict>
			<key>isa</key>
			<string>PBXFileReference</string>
			<key>lastKnownFileType</key>
			<string>sourcecode.c.h</string>
			<key>path</key>
			<string>AppDelegate.h</string>
			<key>sourceTree</key>
			<string>&lt;group&gt;</string>
		</dict>
		<key>12807A8E18B10F13007DE648</key>
		<dict>
			<key>isa</key>
			<string>PBXFileReference</string>
			<key>lastKnownFileType</key>
			<string>sourcecode.c.objc</string>
			<key>path</key>
			<string>AppDelegate.m</string>
			<key>sourceTree</key>
			<string>&lt;group&gt;</string>
		</dict>
		<key>12807A8F18B10F13007DE648</key>
		<dict>
			<key>fileRef</key>
			<string>12807A8E18B10F13007DE648</string>
			<key>isa</key>
			<string>PBXBuildFile</string>
		</dict>
		<key>12807A9018B10F13007DE648</key>
		<dict>
			<key>children</key>
			<array>
				<string>12807A9118B10F13007DE648</string>
			</array>
			<key>isa</key>
			<string>PBXVariantGroup</string>
			<key>name</key>
			<string>Main_iPhone.storyboard</string>
			<key>sourceTree</key>
			<string>&lt;group&gt;</string>
		</dict>
		<key>12807A9118B10F13007DE648</key>
		<dict>
			<key>isa</key>
			<string>PBXFileReference</string>
			<key>lastKnownFileType</key>
			<string>file.storyboard</string>
			<key>name</key>
			<string>Base</string>
			<key>path</key>
			<string>Base.lproj/Main_iPhone.storyboard</string>
			<key>sourceTree</key>
			<string>&lt;group&gt;</string>
		</dict>
		<key>12807A9218B10F13007DE648</key>
		<dict>
			<key>fileRef</key>
			<string>12807A9018B10F13007DE648</string>
			<key>isa</key>
			<string>PBXBuildFile</string>
		</dict>
		<key>12807A9318B10F13007DE648</key>
		<dict>
			<key>children</key>
			<array>
				<string>12807A9418B10F13007DE648</string>
			</array>
			<key>isa</key>
			<string>PBXVariantGroup</string>
			<key>name</key>
			<string>Main_iPad.storyboard</string>
			<key>sourceTree</key>
			<string>&lt;group&gt;</string>
		</dict>
		<key>12807A9418B10F13007DE648</key>
		<dict>
			<key>isa</key>
			<string>PBXFileReference</string>
			<key>lastKnownFileType</key>
			<string>file.storyboard</string>
			<key>name</key>
			<string>Base</string>
			<key>path</key>
			<string>Base.lproj/Main_iPad.storyboard</string>
			<key>sourceTree</key>
			<string>&lt;group&gt;</string>
		</dict>
		<key>12807A9518B10F13007DE648</key>
		<dict>
			<key>fileRef</key>
			<string>12807A9318B10F13007DE648</string>
			<key>isa</key>
			<string>PBXBuildFile</string>
		</dict>
		<key>12807A9618B10F13007DE648</key>
		<dict>
			<key>isa</key>
			<string>PBXFileReference</string>
			<key>lastKnownFileType</key>
			<string>sourcecode.c.h</string>
			<key>path</key>
			<string>ViewController.h</string>
			<key>sourceTree</key>
			<string>&lt;group&gt;</string>
		</dict>
		<key>12807A9718B10F13007DE648</key>
		<dict>
			<key>isa</key>
			<string>PBXFileReference</string>
			<key>lastKnownFileType</key>
			<string>sourcecode.c.objc</string>
			<key>path</key>
			<string>ViewController.m</string>
			<key>sourceTree</key>
			<string>&lt;group&gt;</string>
		</dict>
		<key>12807A9818B10F13007DE648</key>
		<dict>
			<key>fileRef</key>
			<string>12807A9718B10F13007DE648</string>
			<key>isa</key>
			<string>PBXBuildFile</string>
		</dict>
		<key>12807A9918B10F13007DE648</key>
		<dict>
			<key>isa</key>
			<string>PBXFileReference</string>
			<key>lastKnownFileType</key>
			<string>folder.assetcatalog</string>
			<key>path</key>
			<string>Images.xcassets</string>
			<key>sourceTree</key>
			<string>&lt;group&gt;</string>
		</dict>
		<key>12807A9A18B10F13007DE648</key>
		<dict>
			<key>fileRef</key>
			<string>12807A9918B10F13007DE648</string>
			<key>isa</key>
			<string>PBXBuildFile</string>
		</dict>
		<key>12807A9B18B10F14007DE648</key>
		<dict>
			<key>buildActionMask</key>
			<string>2147483647</string>
			<key>files</key>
			<array>
				<string>12807AAD18B10F14007DE648</string>
			</array>
			<key>isa</key>
			<string>PBXSourcesBuildPhase</string>
			<key>runOnlyForDeploymentPostprocessing</key>
			<string>0</string>
		</dict>
		<key>12807A9C18B10F14007DE648</key>
		<dict>
			<key>buildActionMask</key>
			<string>2147483647</string>
			<key>files</key>
			<array>
				<string>12807AA118B10F14007DE648</string>
				<string>12807AA318B10F14007DE648</string>
				<string>12807AA218B10F14007DE648</string>
			</array>
			<key>isa</key>
			<string>PBXFrameworksBuildPhase</string>
			<key>runOnlyForDeploymentPostprocessing</key>
			<string>0</string>
		</dict>
		<key>12807A9D18B10F14007DE648</key>
		<dict>
			<key>buildActionMask</key>
			<string>2147483647</string>
			<key>files</key>
			<array>
				<string>12807AAB18B10F14007DE648</string>
			</array>
			<key>isa</key>
			<string>PBXResourcesBuildPhase</string>
			<key>runOnlyForDeploymentPostprocessing</key>
			<string>0</string>
		</dict>
		<key>12807A9E18B10F14007DE648</key>
		<dict>
			<key>buildConfigurationList</key>
			<string>12807AB318B10F14007DE648</string>
			<key>buildPhases</key>
			<array>
				<string>12807A9B18B10F14007DE648</string>
				<string>12807A9C18B10F14007DE648</string>
				<string>12807A9D18B10F14007DE648</string>
			</array>
			<key>buildRules</key>
			<array/>
			<key>dependencies</key>
			<array>
				<string>12807AA518B10F14007DE648</string>
			</array>
			<key>isa</key>
			<string>PBXNativeTarget</string>
			<key>name</key>
			<string>TrafficUpdaterTests</string>
			<key>productName</key>
			<string>TrafficUpdaterTests</string>
			<key>productReference</key>
			<string>12807A9F18B10F14007DE648</string>
			<key>productType</key>
			<string>com.apple.product-type.bundle.unit-test</string>
		</dict>
		<key>12807A9F18B10F14007DE648</key>
		<dict>
			<key>explicitFileType</key>
			<string>wrapper.cfbundle</string>
			<key>includeInIndex</key>
			<string>0</string>
			<key>isa</key>
			<string>PBXFileReference</string>
			<key>path</key>
			<string>TrafficUpdaterTests.xctest</string>
			<key>sourceTree</key>
			<string>BUILT_PRODUCTS_DIR</string>
		</dict>
		<key>12807AA018B10F14007DE648</key>
		<dict>
			<key>isa</key>
			<string>PBXFileReference</string>
			<key>lastKnownFileType</key>
			<string>wrapper.framework</string>
			<key>name</key>
			<string>XCTest.framework</string>
			<key>path</key>
			<string>Library/Frameworks/XCTest.framework</string>
			<key>sourceTree</key>
			<string>DEVELOPER_DIR</string>
		</dict>
		<key>12807AA118B10F14007DE648</key>
		<dict>
			<key>fileRef</key>
			<string>12807AA018B10F14007DE648</string>
			<key>isa</key>
			<string>PBXBuildFile</string>
		</dict>
		<key>12807AA218B10F14007DE648</key>
		<dict>
			<key>fileRef</key>
			<string>12807A7E18B10F13007DE648</string>
			<key>isa</key>
			<string>PBXBuildFile</string>
		</dict>
		<key>12807AA318B10F14007DE648</key>
		<dict>
			<key>fileRef</key>
			<string>12807A8218B10F13007DE648</string>
			<key>isa</key>
			<string>PBXBuildFile</string>
		</dict>
		<key>12807AA418B10F14007DE648</key>
		<dict>
			<key>containerPortal</key>
			<string>12807A7318B10F13007DE648</string>
			<key>isa</key>
			<string>PBXContainerItemProxy</string>
			<key>proxyType</key>
			<string>1</string>
			<key>remoteGlobalIDString</key>
			<string>12807A7A18B10F13007DE648</string>
			<key>remoteInfo</key>
			<string>TrafficUpdater</string>
		</dict>
		<key>12807AA518B10F14007DE648</key>
		<dict>
			<key>isa</key>
			<string>PBXTargetDependency</string>
			<key>target</key>
			<string>12807A7A18B10F13007DE648</string>
			<key>targetProxy</key>
			<string>12807AA418B10F14007DE648</string>
		</dict>
		<key>12807AA618B10F14007DE648</key>
		<dict>
			<key>children</key>
			<array>
				<string>12807AAC18B10F14007DE648</string>
				<string>12807AA718B10F14007DE648</string>
			</array>
			<key>isa</key>
			<string>PBXGroup</string>
			<key>path</key>
			<string>TrafficUpdaterTests</string>
			<key>sourceTree</key>
			<string>&lt;group&gt;</string>
		</dict>
		<key>12807AA718B10F14007DE648</key>
		<dict>
			<key>children</key>
			<array>
				<string>12807AA818B10F14007DE648</string>
				<string>12807AA918B10F14007DE648</string>
			</array>
			<key>isa</key>
			<string>PBXGroup</string>
			<key>name</key>
			<string>Supporting Files</string>
			<key>sourceTree</key>
			<string>&lt;group&gt;</string>
		</dict>
		<key>12807AA818B10F14007DE648</key>
		<dict>
			<key>isa</key>
			<string>PBXFileReference</string>
			<key>lastKnownFileType</key>
			<string>text.plist.xml</string>
			<key>path</key>
			<string>TrafficUpdaterTests-Info.plist</string>
			<key>sourceTree</key>
			<string>&lt;group&gt;</string>
		</dict>
		<key>12807AA918B10F14007DE648</key>
		<dict>
			<key>children</key>
			<array>
				<string>12807AAA18B10F14007DE648</string>
			</array>
			<key>isa</key>
			<string>PBXVariantGroup</string>
			<key>name</key>
			<string>InfoPlist.strings</string>
			<key>sourceTree</key>
			<string>&lt;group&gt;</string>
		</dict>
		<key>12807AAA18B10F14007DE648</key>
		<dict>
			<key>isa</key>
			<string>PBXFileReference</string>
			<key>lastKnownFileType</key>
			<string>text.plist.strings</string>
			<key>name</key>
			<string>en</string>
			<key>path</key>
			<string>en.lproj/InfoPlist.strings</string>
			<key>sourceTree</key>
			<string>&lt;group&gt;</string>
		</dict>
		<key>12807AAB18B10F14007DE648</key>
		<dict>
			<key>fileRef</key>
			<string>12807AA918B10F14007DE648</string>
			<key>isa</key>
			<string>PBXBuildFile</string>
		</dict>
		<key>12807AAC18B10F14007DE648</key>
		<dict>
			<key>isa</key>
			<string>PBXFileReference</string>
			<key>lastKnownFileType</key>
			<string>sourcecode.c.objc</string>
			<key>path</key>
			<string>TrafficUpdaterTests.m</string>
			<key>sourceTree</key>
			<string>&lt;group&gt;</string>
		</dict>
		<key>12807AAD18B10F14007DE648</key>
		<dict>
			<key>fileRef</key>
			<string>12807AAC18B10F14007DE648</string>
			<key>isa</key>
			<string>PBXBuildFile</string>
		</dict>
		<key>12807AAE18B10F14007DE648</key>
		<dict>
			<key>buildSettings</key>
			<dict>
				<key>ALWAYS_SEARCH_USER_PATHS</key>
				<string>NO</string>
				<key>ARCHS</key>
				<string>$(ARCHS_STANDARD_INCLUDING_64_BIT)</string>
				<key>CLANG_CXX_LANGUAGE_STANDARD</key>
				<string>gnu++0x</string>
				<key>CLANG_CXX_LIBRARY</key>
				<string>libc++</string>
				<key>CLANG_ENABLE_MODULES</key>
				<string>YES</string>
				<key>CLANG_ENABLE_OBJC_ARC</key>
				<string>YES</string>
				<key>CLANG_WARN_BOOL_CONVERSION</key>
				<string>YES</string>
				<key>CLANG_WARN_CONSTANT_CONVERSION</key>
				<string>YES</string>
				<key>CLANG_WARN_DIRECT_OBJC_ISA_USAGE</key>
				<string>YES_ERROR</string>
				<key>CLANG_WARN_EMPTY_BODY</key>
				<string>YES</string>
				<key>CLANG_WARN_ENUM_CONVERSION</key>
				<string>YES</string>
				<key>CLANG_WARN_INT_CONVERSION</key>
				<string>YES</string>
				<key>CLANG_WARN_OBJC_ROOT_CLASS</key>
				<string>YES_ERROR</string>
				<key>CLANG_WARN__DUPLICATE_METHOD_MATCH</key>
				<string>YES</string>
				<key>CODE_SIGN_IDENTITY[sdk=iphoneos*]</key>
				<string>iPhone Developer</string>
				<key>COPY_PHASE_STRIP</key>
				<string>NO</string>
				<key>GCC_C_LANGUAGE_STANDARD</key>
				<string>gnu99</string>
				<key>GCC_DYNAMIC_NO_PIC</key>
				<string>NO</string>
				<key>GCC_OPTIMIZATION_LEVEL</key>
				<string>0</string>
				<key>GCC_PREPROCESSOR_DEFINITIONS</key>
				<array>
					<string>DEBUG=1</string>
					<string>$(inherited)</string>
				</array>
				<key>GCC_SYMBOLS_PRIVATE_EXTERN</key>
				<string>NO</string>
				<key>GCC_WARN_64_TO_32_BIT_CONVERSION</key>
				<string>YES</string>
				<key>GCC_WARN_ABOUT_RETURN_TYPE</key>
				<string>YES_ERROR</string>
				<key>GCC_WARN_UNDECLARED_SELECTOR</key>
				<string>YES</string>
				<key>GCC_WARN_UNINITIALIZED_AUTOS</key>
				<string>YES</string>
				<key>GCC_WARN_UNUSED_FUNCTION</key>
				<string>YES</string>
				<key>GCC_WARN_UNUSED_VARIABLE</key>
				<string>YES</string>
				<key>IPHONEOS_DEPLOYMENT_TARGET</key>
				<string>7.0</string>
				<key>ONLY_ACTIVE_ARCH</key>
				<string>YES</string>
				<key>SDKROOT</key>
				<string>iphoneos</string>
				<key>TARGETED_DEVICE_FAMILY</key>
				<string>1,2</string>
			</dict>
			<key>isa</key>
			<string>XCBuildConfiguration</string>
			<key>name</key>
			<string>Debug</string>
		</dict>
		<key>12807AAF18B10F14007DE648</key>
		<dict>
			<key>buildSettings</key>
			<dict>
				<key>ALWAYS_SEARCH_USER_PATHS</key>
				<string>NO</string>
				<key>ARCHS</key>
				<string>$(ARCHS_STANDARD_INCLUDING_64_BIT)</string>
				<key>CLANG_CXX_LANGUAGE_STANDARD</key>
				<string>gnu++0x</string>
				<key>CLANG_CXX_LIBRARY</key>
				<string>libc++</string>
				<key>CLANG_ENABLE_MODULES</key>
				<string>YES</string>
				<key>CLANG_ENABLE_OBJC_ARC</key>
				<string>YES</string>
				<key>CLANG_WARN_BOOL_CONVERSION</key>
				<string>YES</string>
				<key>CLANG_WARN_CONSTANT_CONVERSION</key>
				<string>YES</string>
				<key>CLANG_WARN_DIRECT_OBJC_ISA_USAGE</key>
				<string>YES_ERROR</string>
				<key>CLANG_WARN_EMPTY_BODY</key>
				<string>YES</string>
				<key>CLANG_WARN_ENUM_CONVERSION</key>
				<string>YES</string>
				<key>CLANG_WARN_INT_CONVERSION</key>
				<string>YES</string>
				<key>CLANG_WARN_OBJC_ROOT_CLASS</key>
				<string>YES_ERROR</string>
				<key>CLANG_WARN__DUPLICATE_METHOD_MATCH</key>
				<string>YES</string>
				<key>CODE_SIGN_IDENTITY[sdk=iphoneos*]</key>
				<string>iPhone Developer</string>
				<key>COPY_PHASE_STRIP</key>
				<string>YES</string>
				<key>ENABLE_NS_ASSERTIONS</key>
				<string>NO</string>
				<key>GCC_C_LANGUAGE_STANDARD</key>
				<string>gnu99</string>
				<key>GCC_WARN_64_TO_32_BIT_CONVERSION</key>
				<string>YES</string>
				<key>GCC_WARN_ABOUT_RETURN_TYPE</key>
				<string>YES_ERROR</string>
				<key>GCC_WARN_UNDECLARED_SELECTOR</key>
				<string>YES</string>
				<key>GCC_WARN_UNINITIALIZED_AUTOS</key>
				<string>YES</string>
				<key>GCC_WARN_UNUSED_FUNCTION</key>
				<string>YES</string>
				<key>GCC_WARN_UNUSED_VARIABLE</key>
				<string>YES</string>
				<key>IPHONEOS_DEPLOYMENT_TARGET</key>
				<string>7.0</string>
				<key>SDKROOT</key>
				<string>iphoneos</string>
				<key>TARGETED_DEVICE_FAMILY</key>
				<string>1,2</string>
				<key>VALIDATE_PRODUCT</key>
				<string>YES</string>
			</dict>
			<key>isa</key>
			<string>XCBuildConfiguration</string>
			<key>name</key>
			<string>Release</string>
		</dict>
		<key>12807AB018B10F14007DE648</key>
		<dict>
			<key>buildConfigurations</key>
			<array>
				<string>12807AB118B10F14007DE648</string>
				<string>12807AB218B10F14007DE648</string>
			</array>
			<key>defaultConfigurationIsVisible</key>
			<string>0</string>
			<key>defaultConfigurationName</key>
			<string>Release</string>
			<key>isa</key>
			<string>XCConfigurationList</string>
		</dict>
		<key>12807AB118B10F14007DE648</key>
		<dict>
			<key>baseConfigurationReference</key>
			<string>61F0EF1E8DB545A687C70DE1</string>
			<key>buildSettings</key>
			<dict>
				<key>ASSETCATALOG_COMPILER_APPICON_NAME</key>
				<string>AppIcon</string>
				<key>ASSETCATALOG_COMPILER_LAUNCHIMAGE_NAME</key>
				<string>LaunchImage</string>
				<key>FRAMEWORK_SEARCH_PATHS</key>
				<array>
					<string>$(inherited)</string>
					<string>/Users/NguyenHoangVinh/Desktop/TrafficUpdater</string>
					<string>/Users/SCN/Desktop/TrafficUpdater</string>
				</array>
				<key>GCC_PRECOMPILE_PREFIX_HEADER</key>
				<string>YES</string>
				<key>GCC_PREFIX_HEADER</key>
				<string>TrafficUpdater/TrafficUpdater-Prefix.pch</string>
				<key>INFOPLIST_FILE</key>
				<string>TrafficUpdater/TrafficUpdater-Info.plist</string>
				<key>IPHONEOS_DEPLOYMENT_TARGET</key>
				<string>6.0</string>
				<key>OTHER_LDFLAGS</key>
				<string>-ObjC</string>
				<key>PRODUCT_NAME</key>
				<string>$(TARGET_NAME)</string>
				<key>TARGETED_DEVICE_FAMILY</key>
				<string>1</string>
				<key>WRAPPER_EXTENSION</key>
				<string>app</string>
			</dict>
			<key>isa</key>
			<string>XCBuildConfiguration</string>
			<key>name</key>
			<string>Debug</string>
		</dict>
		<key>12807AB218B10F14007DE648</key>
		<dict>
			<key>baseConfigurationReference</key>
			<string>61F0EF1E8DB545A687C70DE1</string>
			<key>buildSettings</key>
			<dict>
				<key>ASSETCATALOG_COMPILER_APPICON_NAME</key>
				<string>AppIcon</string>
				<key>ASSETCATALOG_COMPILER_LAUNCHIMAGE_NAME</key>
				<string>LaunchImage</string>
				<key>FRAMEWORK_SEARCH_PATHS</key>
				<array>
					<string>$(inherited)</string>
					<string>/Users/NguyenHoangVinh/Desktop/TrafficUpdater</string>
					<string>/Users/SCN/Desktop/TrafficUpdater</string>
				</array>
				<key>GCC_PRECOMPILE_PREFIX_HEADER</key>
				<string>YES</string>
				<key>GCC_PREFIX_HEADER</key>
				<string>TrafficUpdater/TrafficUpdater-Prefix.pch</string>
				<key>INFOPLIST_FILE</key>
				<string>TrafficUpdater/TrafficUpdater-Info.plist</string>
				<key>IPHONEOS_DEPLOYMENT_TARGET</key>
				<string>6.0</string>
				<key>OTHER_LDFLAGS</key>
				<string>-ObjC</string>
				<key>PRODUCT_NAME</key>
				<string>$(TARGET_NAME)</string>
				<key>TARGETED_DEVICE_FAMILY</key>
				<string>1</string>
				<key>WRAPPER_EXTENSION</key>
				<string>app</string>
			</dict>
			<key>isa</key>
			<string>XCBuildConfiguration</string>
			<key>name</key>
			<string>Release</string>
		</dict>
		<key>12807AB318B10F14007DE648</key>
		<dict>
			<key>buildConfigurations</key>
			<array>
				<string>12807AB418B10F14007DE648</string>
				<string>12807AB518B10F14007DE648</string>
			</array>
			<key>defaultConfigurationIsVisible</key>
			<string>0</string>
			<key>defaultConfigurationName</key>
			<string>Release</string>
			<key>isa</key>
			<string>XCConfigurationList</string>
		</dict>
		<key>12807AB418B10F14007DE648</key>
		<dict>
			<key>buildSettings</key>
			<dict>
				<key>ARCHS</key>
				<string>$(ARCHS_STANDARD_INCLUDING_64_BIT)</string>
				<key>BUNDLE_LOADER</key>
				<string>$(BUILT_PRODUCTS_DIR)/TrafficUpdater.app/TrafficUpdater</string>
				<key>FRAMEWORK_SEARCH_PATHS</key>
				<array>
					<string>$(SDKROOT)/Developer/Library/Frameworks</string>
					<string>$(inherited)</string>
					<string>$(DEVELOPER_FRAMEWORKS_DIR)</string>
				</array>
				<key>GCC_PRECOMPILE_PREFIX_HEADER</key>
				<string>YES</string>
				<key>GCC_PREFIX_HEADER</key>
				<string>TrafficUpdater/TrafficUpdater-Prefix.pch</string>
				<key>GCC_PREPROCESSOR_DEFINITIONS</key>
				<array>
					<string>DEBUG=1</string>
					<string>$(inherited)</string>
				</array>
				<key>INFOPLIST_FILE</key>
				<string>TrafficUpdaterTests/TrafficUpdaterTests-Info.plist</string>
				<key>PRODUCT_NAME</key>
				<string>$(TARGET_NAME)</string>
				<key>TEST_HOST</key>
				<string>$(BUNDLE_LOADER)</string>
				<key>WRAPPER_EXTENSION</key>
				<string>xctest</string>
			</dict>
			<key>isa</key>
			<string>XCBuildConfiguration</string>
			<key>name</key>
			<string>Debug</string>
		</dict>
		<key>12807AB518B10F14007DE648</key>
		<dict>
			<key>buildSettings</key>
			<dict>
				<key>ARCHS</key>
				<string>$(ARCHS_STANDARD_INCLUDING_64_BIT)</string>
				<key>BUNDLE_LOADER</key>
				<string>$(BUILT_PRODUCTS_DIR)/TrafficUpdater.app/TrafficUpdater</string>
				<key>FRAMEWORK_SEARCH_PATHS</key>
				<array>
					<string>$(SDKROOT)/Developer/Library/Frameworks</string>
					<string>$(inherited)</string>
					<string>$(DEVELOPER_FRAMEWORKS_DIR)</string>
				</array>
				<key>GCC_PRECOMPILE_PREFIX_HEADER</key>
				<string>YES</string>
				<key>GCC_PREFIX_HEADER</key>
				<string>TrafficUpdater/TrafficUpdater-Prefix.pch</string>
				<key>INFOPLIST_FILE</key>
				<string>TrafficUpdaterTests/TrafficUpdaterTests-Info.plist</string>
				<key>PRODUCT_NAME</key>
				<string>$(TARGET_NAME)</string>
				<key>TEST_HOST</key>
				<string>$(BUNDLE_LOADER)</string>
				<key>WRAPPER_EXTENSION</key>
				<string>xctest</string>
			</dict>
			<key>isa</key>
			<string>XCBuildConfiguration</string>
			<key>name</key>
			<string>Release</string>
		</dict>
		<key>12F2811918B219D900E7AFED</key>
		<dict>
			<key>isa</key>
			<string>PBXFileReference</string>
			<key>lastKnownFileType</key>
			<string>image.png</string>
			<key>path</key>
			<string>update.png</string>
			<key>sourceTree</key>
			<string>&lt;group&gt;</string>
		</dict>
		<key>12F2811A18B219D900E7AFED</key>
		<dict>
			<key>fileRef</key>
			<string>12F2811918B219D900E7AFED</string>
			<key>isa</key>
			<string>PBXBuildFile</string>
		</dict>
		<key>12F2811B18B21ED100E7AFED</key>
		<dict>
			<key>isa</key>
			<string>PBXFileReference</string>
			<key>lastKnownFileType</key>
			<string>image.png</string>
			<key>path</key>
			<string>audio.png</string>
			<key>sourceTree</key>
			<string>&lt;group&gt;</string>
		</dict>
		<key>12F2811C18B21ED100E7AFED</key>
		<dict>
			<key>fileRef</key>
			<string>12F2811B18B21ED100E7AFED</string>
			<key>isa</key>
			<string>PBXBuildFile</string>
		</dict>
		<key>12F2811D18B21EDC00E7AFED</key>
		<dict>
			<key>isa</key>
			<string>PBXFileReference</string>
			<key>lastKnownFileType</key>
			<string>image.png</string>
			<key>path</key>
			<string>camera.png</string>
			<key>sourceTree</key>
			<string>&lt;group&gt;</string>
		</dict>
		<key>12F2811E18B21EDC00E7AFED</key>
		<dict>
			<key>fileRef</key>
			<string>12F2811D18B21EDC00E7AFED</string>
			<key>isa</key>
			<string>PBXBuildFile</string>
		</dict>
		<key>12F84FCB18B1184C00922CE2</key>
		<dict>
			<key>children</key>
			<array>
				<string>1219DC1418B24BFE005D6F9C</string>
				<string>1219DC1018B24ADE005D6F9C</string>
				<string>1219DC1118B24ADE005D6F9C</string>
				<string>1219DC0D18B2484A005D6F9C</string>
				<string>12F2811D18B21EDC00E7AFED</string>
				<string>12F2811B18B21ED100E7AFED</string>
				<string>12F2811918B219D900E7AFED</string>
				<string>12F84FD218B11A0A00922CE2</string>
				<string>12F84FCE18B1189500922CE2</string>
			</array>
			<key>isa</key>
			<string>PBXGroup</string>
			<key>name</key>
			<string>Images</string>
			<key>sourceTree</key>
			<string>&lt;group&gt;</string>
		</dict>
		<key>12F84FCE18B1189500922CE2</key>
		<dict>
			<key>isa</key>
			<string>PBXFileReference</string>
			<key>lastKnownFileType</key>
			<string>image.png</string>
			<key>path</key>
			<string>maps.png</string>
			<key>sourceTree</key>
			<string>&lt;group&gt;</string>
		</dict>
		<key>12F84FCF18B1189500922CE2</key>
		<dict>
			<key>fileRef</key>
			<string>12F84FCE18B1189500922CE2</string>
			<key>isa</key>
			<string>PBXBuildFile</string>
		</dict>
		<key>12F84FD218B11A0A00922CE2</key>
		<dict>
			<key>isa</key>
			<string>PBXFileReference</string>
			<key>lastKnownFileType</key>
			<string>image.png</string>
			<key>path</key>
			<string>radio.png</string>
			<key>sourceTree</key>
			<string>&lt;group&gt;</string>
		</dict>
		<key>12F84FD318B11A0A00922CE2</key>
		<dict>
			<key>fileRef</key>
			<string>12F84FD218B11A0A00922CE2</string>
			<key>isa</key>
			<string>PBXBuildFile</string>
		</dict>
		<key>12F84FD418B121B100922CE2</key>
		<dict>
			<key>fileEncoding</key>
			<string>4</string>
			<key>isa</key>
			<string>PBXFileReference</string>
			<key>lastKnownFileType</key>
			<string>sourcecode.c.h</string>
			<key>path</key>
			<string>MapsViewController.h</string>
			<key>sourceTree</key>
			<string>&lt;group&gt;</string>
		</dict>
		<key>12F84FD518B121B100922CE2</key>
		<dict>
			<key>fileEncoding</key>
			<string>4</string>
			<key>isa</key>
			<string>PBXFileReference</string>
			<key>lastKnownFileType</key>
			<string>sourcecode.c.objc</string>
			<key>path</key>
			<string>MapsViewController.m</string>
			<key>sourceTree</key>
			<string>&lt;group&gt;</string>
		</dict>
		<key>12F84FD618B121B100922CE2</key>
		<dict>
			<key>fileRef</key>
			<string>12F84FD518B121B100922CE2</string>
			<key>isa</key>
			<string>PBXBuildFile</string>
		</dict>
		<key>34211D89CC8B43E090058914</key>
		<dict>
			<key>buildActionMask</key>
			<string>2147483647</string>
			<key>files</key>
			<array/>
			<key>inputPaths</key>
			<array/>
			<key>isa</key>
			<string>PBXShellScriptBuildPhase</string>
			<key>name</key>
			<string>Check Pods Manifest.lock</string>
			<key>outputPaths</key>
			<array/>
			<key>runOnlyForDeploymentPostprocessing</key>
			<string>0</string>
			<key>shellPath</key>
			<string>/bin/sh</string>
			<key>shellScript</key>
			<string>diff "${PODS_ROOT}/../Podfile.lock" "${PODS_ROOT}/Manifest.lock" &gt; /dev/null
if [[ $? != 0 ]] ; then
    cat &lt;&lt; EOM
error: The sandbox is not in sync with the Podfile.lock. Run 'pod install' or update your CocoaPods installation.
EOM
    exit 1
fi
</string>
			<key>showEnvVarsInLog</key>
			<string>0</string>
		</dict>
		<key>61F0EF1E8DB545A687C70DE1</key>
		<dict>
			<key>includeInIndex</key>
			<string>1</string>
			<key>isa</key>
			<string>PBXFileReference</string>
			<key>lastKnownFileType</key>
			<string>text.xcconfig</string>
			<key>name</key>
			<string>Pods.xcconfig</string>
			<key>path</key>
			<string>Pods/Pods.xcconfig</string>
			<key>sourceTree</key>
			<string>&lt;group&gt;</string>
		</dict>
		<key>66F315CF18B6165100810B31</key>
		<dict>
			<key>isa</key>
			<string>PBXFileReference</string>
			<key>lastKnownFileType</key>
			<string>wrapper.framework</string>
			<key>path</key>
			<string>GoogleMaps.framework</string>
			<key>sourceTree</key>
			<string>&lt;group&gt;</string>
		</dict>
		<key>66F315D018B6165100810B31</key>
		<dict>
			<key>fileRef</key>
			<string>66F315CF18B6165100810B31</string>
			<key>isa</key>
			<string>PBXBuildFile</string>
		</dict>
		<key>66F315D118B6166000810B31</key>
		<dict>
			<key>isa</key>
			<string>PBXFileReference</string>
			<key>lastKnownFileType</key>
			<string>wrapper.plug-in</string>
			<key>name</key>
			<string>GoogleMaps.bundle</string>
			<key>path</key>
			<string>GoogleMaps.framework/Versions/A/Resources/GoogleMaps.bundle</string>
			<key>sourceTree</key>
			<string>&lt;group&gt;</string>
		</dict>
		<key>66F315D218B6166000810B31</key>
		<dict>
			<key>fileRef</key>
			<string>66F315D118B6166000810B31</string>
			<key>isa</key>
			<string>PBXBuildFile</string>
		</dict>
		<key>67603A1D0E784FE980161104</key>
		<dict>
			<key>explicitFileType</key>
			<string>archive.ar</string>
			<key>includeInIndex</key>
			<string>0</string>
			<key>isa</key>
			<string>PBXFileReference</string>
			<key>path</key>
			<string>libPods.a</string>
			<key>sourceTree</key>
			<string>BUILT_PRODUCTS_DIR</string>
		</dict>
		<key>7B6880B817D64FAF8E98E44C</key>
		<dict>
			<key>fileRef</key>
			<string>67603A1D0E784FE980161104</string>
			<key>isa</key>
			<string>PBXBuildFile</string>
		</dict>
		<key>E0E02A071C534624974B9CA7</key>
		<dict>
			<key>buildActionMask</key>
			<string>2147483647</string>
			<key>files</key>
			<array/>
			<key>inputPaths</key>
			<array/>
			<key>isa</key>
			<string>PBXShellScriptBuildPhase</string>
			<key>name</key>
			<string>Copy Pods Resources</string>
			<key>outputPaths</key>
			<array/>
			<key>runOnlyForDeploymentPostprocessing</key>
			<string>0</string>
			<key>shellPath</key>
			<string>/bin/sh</string>
			<key>shellScript</key>
			<string>"${SRCROOT}/Pods/Pods-resources.sh"
</string>
			<key>showEnvVarsInLog</key>
			<string>0</string>
		</dict>
	</dict>
	<key>rootObject</key>
	<string>12807A7318B10F13007DE648</string>
</dict>
</plist>
